
Microsoft Visual Studio Solution File, Format Version 12.00
# Visual Studio 2013
VisualStudioVersion = 12.0.40629.0
MinimumVisualStudioVersion = 10.0.40219.1
Project("{FAE04EC0-301F-11D3-BF4B-00C04F79EFBC}") = "FirstWCFWebService", "FirstWCFWebService\FirstWCFWebService.csproj", "{EE4F119D-F0BC-48FA-86C1-6D51E5F72BFE}"
EndProject
Project("{FAE04EC0-301F-11D3-BF4B-00C04F79EFBC}") = "EmployeeService", "EmployeeService\EmployeeService.csproj", "{1ACCCE8D-1795-42B3-B47C-DC2541C886BA}"
EndProject
Project("{FAE04EC0-301F-11D3-BF4B-00C04F79EFBC}") = "EmployeeService.Web", "EmployeeService.Web\EmployeeService.Web.csproj", "{0387974C-7603-42EE-9DC1-80A0A3D5B167}"
EndProject
Global
	GlobalSection(SolutionConfigurationPlatforms) = preSolution
		Debug|Any CPU = Debug|Any CPU
		Release|Any CPU = Release|Any CPU
	EndGlobalSection
	GlobalSection(ProjectConfigurationPlatforms) = postSolution
		{EE4F119D-F0BC-48FA-86C1-6D51E5F72BFE}.Debug|Any CPU.ActiveCfg = Debug|Any CPU
		{EE4F119D-F0BC-48FA-86C1-6D51E5F72BFE}.Debug|Any CPU.Build.0 = Debug|Any CPU
		{EE4F119D-F0BC-48FA-86C1-6D51E5F72BFE}.Release|Any CPU.ActiveCfg = Release|Any CPU
		{EE4F119D-F0BC-48FA-86C1-6D51E5F72BFE}.Release|Any CPU.Build.0 = Release|Any CPU
		{1ACCCE8D-1795-42B3-B47C-DC2541C886BA}.Debug|Any CPU.ActiveCfg = Debug|Any CPU
		{1ACCCE8D-1795-42B3-B47C-DC2541C886BA}.Debug|Any CPU.Build.0 = Debug|Any CPU
		{1ACCCE8D-1795-42B3-B47C-DC2541C886BA}.Release|Any CPU.ActiveCfg = Release|Any CPU
		{1ACCCE8D-1795-42B3-B47C-DC2541C886BA}.Release|Any CPU.Build.0 = Release|Any CPU
		{0387974C-7603-42EE-9DC1-80A0A3D5B167}.Debug|Any CPU.ActiveCfg = Debug|Any CPU
		{0387974C-7603-42EE-9DC1-80A0A3D5B167}.Debug|Any CPU.Build.0 = Debug|Any CPU
		{0387974C-7603-42EE-9DC1-80A0A3D5B167}.Release|Any CPU.ActiveCfg = Release|Any CPU
		{0387974C-7603-42EE-9DC1-80A0A3D5B167}.Release|Any CPU.Build.0 = Release|Any CPU
	EndGlobalSection
	GlobalSection(SolutionProperties) = preSolution
		HideSolutionNode = FALSE
	EndGlobalSection
EndGlobal
